// !$*UTF8*$!
{
	archiveVersion = 1;
	classes = {
	};
	objectVersion = 56;
	objects = {

/* Begin PBXBuildFile section */
		EE148C22297A11D800731D0E /* ScanQRView.swift in Sources */ = {isa = PBXBuildFile; fileRef = EE148C21297A11D800731D0E /* ScanQRView.swift */; };
		EE148C25297A134A00731D0E /* HotSwiftUI in Frameworks */ = {isa = PBXBuildFile; productRef = EE148C24297A134A00731D0E /* HotSwiftUI */; };
		EE148C27297A18F700731D0E /* ItemView.swift in Sources */ = {isa = PBXBuildFile; fileRef = EE148C26297A18F700731D0E /* ItemView.swift */; };
		EE148C29297A193300731D0E /* LoginScreen.swift in Sources */ = {isa = PBXBuildFile; fileRef = EE148C28297A193300731D0E /* LoginScreen.swift */; };
		EE64F2FA2974ACF4006BB21D /* StockerApp.swift in Sources */ = {isa = PBXBuildFile; fileRef = EE64F2F92974ACF4006BB21D /* StockerApp.swift */; };
		EE64F2FC2974ACF4006BB21D /* ContentView.swift in Sources */ = {isa = PBXBuildFile; fileRef = EE64F2FB2974ACF4006BB21D /* ContentView.swift */; };
		EE64F2FE2974ACF5006BB21D /* Assets.xcassets in Resources */ = {isa = PBXBuildFile; fileRef = EE64F2FD2974ACF5006BB21D /* Assets.xcassets */; };
		EE64F3012974ACF5006BB21D /* Preview Assets.xcassets in Resources */ = {isa = PBXBuildFile; fileRef = EE64F3002974ACF5006BB21D /* Preview Assets.xcassets */; };
		EE64F30B2974ACF5006BB21D /* StockerTests.swift in Sources */ = {isa = PBXBuildFile; fileRef = EE64F30A2974ACF5006BB21D /* StockerTests.swift */; };
		EE64F3152974ACF5006BB21D /* StockerUITests.swift in Sources */ = {isa = PBXBuildFile; fileRef = EE64F3142974ACF5006BB21D /* StockerUITests.swift */; };
		EE64F3172974ACF5006BB21D /* StockerUITestsLaunchTests.swift in Sources */ = {isa = PBXBuildFile; fileRef = EE64F3162974ACF5006BB21D /* StockerUITestsLaunchTests.swift */; };
/* End PBXBuildFile section */

/* Begin PBXContainerItemProxy section */
		EE64F3072974ACF5006BB21D /* PBXContainerItemProxy */ = {
			isa = PBXContainerItemProxy;
			containerPortal = EE64F2EE2974ACF4006BB21D /* Project object */;
			proxyType = 1;
			remoteGlobalIDString = EE64F2F52974ACF4006BB21D;
			remoteInfo = Stocker;
		};
		EE64F3112974ACF5006BB21D /* PBXContainerItemProxy */ = {
			isa = PBXContainerItemProxy;
			containerPortal = EE64F2EE2974ACF4006BB21D /* Project object */;
			proxyType = 1;
			remoteGlobalIDString = EE64F2F52974ACF4006BB21D;
			remoteInfo = Stocker;
		};
/* End PBXContainerItemProxy section */

/* Begin PBXFileReference section */
		EE148C21297A11D800731D0E /* ScanQRView.swift */ = {isa = PBXFileReference; lastKnownFileType = sourcecode.swift; path = ScanQRView.swift; sourceTree = "<group>"; };
		EE148C26297A18F700731D0E /* ItemView.swift */ = {isa = PBXFileReference; lastKnownFileType = sourcecode.swift; path = ItemView.swift; sourceTree = "<group>"; };
		EE148C28297A193300731D0E /* LoginScreen.swift */ = {isa = PBXFileReference; lastKnownFileType = sourcecode.swift; path = LoginScreen.swift; sourceTree = "<group>"; };
		EE64F2F62974ACF4006BB21D /* Stocker.app */ = {isa = PBXFileReference; explicitFileType = wrapper.application; includeInIndex = 0; path = Stocker.app; sourceTree = BUILT_PRODUCTS_DIR; };
		EE64F2F92974ACF4006BB21D /* StockerApp.swift */ = {isa = PBXFileReference; lastKnownFileType = sourcecode.swift; path = StockerApp.swift; sourceTree = "<group>"; };
		EE64F2FB2974ACF4006BB21D /* ContentView.swift */ = {isa = PBXFileReference; lastKnownFileType = sourcecode.swift; path = ContentView.swift; sourceTree = "<group>"; };
		EE64F2FD2974ACF5006BB21D /* Assets.xcassets */ = {isa = PBXFileReference; lastKnownFileType = folder.assetcatalog; path = Assets.xcassets; sourceTree = "<group>"; };
		EE64F3002974ACF5006BB21D /* Preview Assets.xcassets */ = {isa = PBXFileReference; lastKnownFileType = folder.assetcatalog; path = "Preview Assets.xcassets"; sourceTree = "<group>"; };
		EE64F3062974ACF5006BB21D /* StockerTests.xctest */ = {isa = PBXFileReference; explicitFileType = wrapper.cfbundle; includeInIndex = 0; path = StockerTests.xctest; sourceTree = BUILT_PRODUCTS_DIR; };
		EE64F30A2974ACF5006BB21D /* StockerTests.swift */ = {isa = PBXFileReference; lastKnownFileType = sourcecode.swift; path = StockerTests.swift; sourceTree = "<group>"; };
		EE64F3102974ACF5006BB21D /* StockerUITests.xctest */ = {isa = PBXFileReference; explicitFileType = wrapper.cfbundle; includeInIndex = 0; path = StockerUITests.xctest; sourceTree = BUILT_PRODUCTS_DIR; };
		EE64F3142974ACF5006BB21D /* StockerUITests.swift */ = {isa = PBXFileReference; lastKnownFileType = sourcecode.swift; path = StockerUITests.swift; sourceTree = "<group>"; };
		EE64F3162974ACF5006BB21D /* StockerUITestsLaunchTests.swift */ = {isa = PBXFileReference; lastKnownFileType = sourcecode.swift; path = StockerUITestsLaunchTests.swift; sourceTree = "<group>"; };
/* End PBXFileReference section */

/* Begin PBXFrameworksBuildPhase section */
		EE64F2F32974ACF4006BB21D /* Frameworks */ = {
			isa = PBXFrameworksBuildPhase;
			buildActionMask = 2147483647;
			files = (
				EE148C25297A134A00731D0E /* HotSwiftUI in Frameworks */,
			);
			runOnlyForDeploymentPostprocessing = 0;
		};
		EE64F3032974ACF5006BB21D /* Frameworks */ = {
			isa = PBXFrameworksBuildPhase;
			buildActionMask = 2147483647;
			files = (
			);
			runOnlyForDeploymentPostprocessing = 0;
		};
		EE64F30D2974ACF5006BB21D /* Frameworks */ = {
			isa = PBXFrameworksBuildPhase;
			buildActionMask = 2147483647;
			files = (
			);
			runOnlyForDeploymentPostprocessing = 0;
		};
/* End PBXFrameworksBuildPhase section */

/* Begin PBXGroup section */
		EE64F2ED2974ACF4006BB21D = {
			isa = PBXGroup;
			children = (
				EE64F2F82974ACF4006BB21D /* Stocker */,
				EE64F3092974ACF5006BB21D /* StockerTests */,
				EE64F3132974ACF5006BB21D /* StockerUITests */,
				EE64F2F72974ACF4006BB21D /* Products */,
			);
			sourceTree = "<group>";
		};
		EE64F2F72974ACF4006BB21D /* Products */ = {
			isa = PBXGroup;
			children = (
				EE64F2F62974ACF4006BB21D /* Stocker.app */,
				EE64F3062974ACF5006BB21D /* StockerTests.xctest */,
				EE64F3102974ACF5006BB21D /* StockerUITests.xctest */,
			);
			name = Products;
			sourceTree = "<group>";
		};
		EE64F2F82974ACF4006BB21D /* Stocker */ = {
			isa = PBXGroup;
			children = (
				EE64F2F92974ACF4006BB21D /* StockerApp.swift */,
				EE64F2FB2974ACF4006BB21D /* ContentView.swift */,
				EE64F2FD2974ACF5006BB21D /* Assets.xcassets */,
				EE64F2FF2974ACF5006BB21D /* Preview Content */,
				EE148C21297A11D800731D0E /* ScanQRView.swift */,
				EE148C26297A18F700731D0E /* ItemView.swift */,
				EE148C28297A193300731D0E /* LoginScreen.swift */,
			);
			path = Stocker;
			sourceTree = "<group>";
		};
		EE64F2FF2974ACF5006BB21D /* Preview Content */ = {
			isa = PBXGroup;
			children = (
				EE64F3002974ACF5006BB21D /* Preview Assets.xcassets */,
			);
			path = "Preview Content";
			sourceTree = "<group>";
		};
		EE64F3092974ACF5006BB21D /* StockerTests */ = {
			isa = PBXGroup;
			children = (
				EE64F30A2974ACF5006BB21D /* StockerTests.swift */,
			);
			path = StockerTests;
			sourceTree = "<group>";
		};
		EE64F3132974ACF5006BB21D /* StockerUITests */ = {
			isa = PBXGroup;
			children = (
				EE64F3142974ACF5006BB21D /* StockerUITests.swift */,
				EE64F3162974ACF5006BB21D /* StockerUITestsLaunchTests.swift */,
			);
			path = StockerUITests;
			sourceTree = "<group>";
		};
/* End PBXGroup section */

/* Begin PBXNativeTarget section */
		EE64F2F52974ACF4006BB21D /* Stocker */ = {
			isa = PBXNativeTarget;
			buildConfigurationList = EE64F31A2974ACF5006BB21D /* Build configuration list for PBXNativeTarget "Stocker" */;
			buildPhases = (
				EE64F2F22974ACF4006BB21D /* Sources */,
				EE64F2F32974ACF4006BB21D /* Frameworks */,
				EE64F2F42974ACF4006BB21D /* Resources */,
			);
			buildRules = (
			);
			dependencies = (
			);
			name = Stocker;
			packageProductDependencies = (
				EE148C24297A134A00731D0E /* HotSwiftUI */,
			);
			productName = Stocker;
			productReference = EE64F2F62974ACF4006BB21D /* Stocker.app */;
			productType = "com.apple.product-type.application";
		};
		EE64F3052974ACF5006BB21D /* StockerTests */ = {
			isa = PBXNativeTarget;
			buildConfigurationList = EE64F31D2974ACF5006BB21D /* Build configuration list for PBXNativeTarget "StockerTests" */;
			buildPhases = (
				EE64F3022974ACF5006BB21D /* Sources */,
				EE64F3032974ACF5006BB21D /* Frameworks */,
				EE64F3042974ACF5006BB21D /* Resources */,
			);
			buildRules = (
			);
			dependencies = (
				EE64F3082974ACF5006BB21D /* PBXTargetDependency */,
			);
			name = StockerTests;
			productName = StockerTests;
			productReference = EE64F3062974ACF5006BB21D /* StockerTests.xctest */;
			productType = "com.apple.product-type.bundle.unit-test";
		};
		EE64F30F2974ACF5006BB21D /* StockerUITests */ = {
			isa = PBXNativeTarget;
			buildConfigurationList = EE64F3202974ACF5006BB21D /* Build configuration list for PBXNativeTarget "StockerUITests" */;
			buildPhases = (
				EE64F30C2974ACF5006BB21D /* Sources */,
				EE64F30D2974ACF5006BB21D /* Frameworks */,
				EE64F30E2974ACF5006BB21D /* Resources */,
			);
			buildRules = (
			);
			dependencies = (
				EE64F3122974ACF5006BB21D /* PBXTargetDependency */,
			);
			name = StockerUITests;
			productName = StockerUITests;
			productReference = EE64F3102974ACF5006BB21D /* StockerUITests.xctest */;
			productType = "com.apple.product-type.bundle.ui-testing";
		};
/* End PBXNativeTarget section */

/* Begin PBXProject section */
		EE64F2EE2974ACF4006BB21D /* Project object */ = {
			isa = PBXProject;
			attributes = {
				BuildIndependentTargetsInParallel = 1;
				LastSwiftUpdateCheck = 1420;
				LastUpgradeCheck = 1420;
				TargetAttributes = {
					EE64F2F52974ACF4006BB21D = {
						CreatedOnToolsVersion = 14.2;
					};
					EE64F3052974ACF5006BB21D = {
						CreatedOnToolsVersion = 14.2;
						TestTargetID = EE64F2F52974ACF4006BB21D;
					};
					EE64F30F2974ACF5006BB21D = {
						CreatedOnToolsVersion = 14.2;
						TestTargetID = EE64F2F52974ACF4006BB21D;
					};
				};
			};
			buildConfigurationList = EE64F2F12974ACF4006BB21D /* Build configuration list for PBXProject "Stocker" */;
			compatibilityVersion = "Xcode 14.0";
			developmentRegion = en;
			hasScannedForEncodings = 0;
			knownRegions = (
				en,
				Base,
			);
			mainGroup = EE64F2ED2974ACF4006BB21D;
			packageReferences = (
				EE148C23297A134A00731D0E /* XCRemoteSwiftPackageReference "HotSwiftUI" */,
			);
			productRefGroup = EE64F2F72974ACF4006BB21D /* Products */;
			projectDirPath = "";
			projectRoot = "";
			targets = (
				EE64F2F52974ACF4006BB21D /* Stocker */,
				EE64F3052974ACF5006BB21D /* StockerTests */,
				EE64F30F2974ACF5006BB21D /* StockerUITests */,
			);
		};
/* End PBXProject section */

/* Begin PBXResourcesBuildPhase section */
		EE64F2F42974ACF4006BB21D /* Resources */ = {
			isa = PBXResourcesBuildPhase;
			buildActionMask = 2147483647;
			files = (
				EE64F3012974ACF5006BB21D /* Preview Assets.xcassets in Resources */,
				EE64F2FE2974ACF5006BB21D /* Assets.xcassets in Resources */,
			);
			runOnlyForDeploymentPostprocessing = 0;
		};
		EE64F3042974ACF5006BB21D /* Resources */ = {
			isa = PBXResourcesBuildPhase;
			buildActionMask = 2147483647;
			files = (
			);
			runOnlyForDeploymentPostprocessing = 0;
		};
		EE64F30E2974ACF5006BB21D /* Resources */ = {
			isa = PBXResourcesBuildPhase;
			buildActionMask = 2147483647;
			files = (
			);
			runOnlyForDeploymentPostprocessing = 0;
		};
/* End PBXResourcesBuildPhase section */

/* Begin PBXSourcesBuildPhase section */
		EE64F2F22974ACF4006BB21D /* Sources */ = {
			isa = PBXSourcesBuildPhase;
			buildActionMask = 2147483647;
			files = (
				EE148C22297A11D800731D0E /* ScanQRView.swift in Sources */,
				EE64F2FC2974ACF4006BB21D /* ContentView.swift in Sources */,
				EE64F2FA2974ACF4006BB21D /* StockerApp.swift in Sources */,
				EE148C27297A18F700731D0E /* ItemView.swift in Sources */,
				EE148C29297A193300731D0E /* LoginScreen.swift in Sources */,
			);
			runOnlyForDeploymentPostprocessing = 0;
		};
		EE64F3022974ACF5006BB21D /* Sources */ = {
			isa = PBXSourcesBuildPhase;
			buildActionMask = 2147483647;
			files = (
				EE64F30B2974ACF5006BB21D /* StockerTests.swift in Sources */,
			);
			runOnlyForDeploymentPostprocessing = 0;
		};
		EE64F30C2974ACF5006BB21D /* Sources */ = {
			isa = PBXSourcesBuildPhase;
			buildActionMask = 2147483647;
			files = (
				EE64F3172974ACF5006BB21D /* StockerUITestsLaunchTests.swift in Sources */,
				EE64F3152974ACF5006BB21D /* StockerUITests.swift in Sources */,
			);
			runOnlyForDeploymentPostprocessing = 0;
		};
/* End PBXSourcesBuildPhase section */

/* Begin PBXTargetDependency section */
		EE64F3082974ACF5006BB21D /* PBXTargetDependency */ = {
			isa = PBXTargetDependency;
			target = EE64F2F52974ACF4006BB21D /* Stocker */;
			targetProxy = EE64F3072974ACF5006BB21D /* PBXContainerItemProxy */;
		};
		EE64F3122974ACF5006BB21D /* PBXTargetDependency */ = {
			isa = PBXTargetDependency;
			target = EE64F2F52974ACF4006BB21D /* Stocker */;
			targetProxy = EE64F3112974ACF5006BB21D /* PBXContainerItemProxy */;
		};
/* End PBXTargetDependency section */

/* Begin XCBuildConfiguration section */
		EE64F3182974ACF5006BB21D /* Debug */ = {
			isa = XCBuildConfiguration;
			buildSettings = {
				ALWAYS_SEARCH_USER_PATHS = NO;
				CLANG_ANALYZER_NONNULL = YES;
				CLANG_ANALYZER_NUMBER_OBJECT_CONVERSION = YES_AGGRESSIVE;
				CLANG_CXX_LANGUAGE_STANDARD = "gnu++20";
				CLANG_ENABLE_MODULES = YES;
				CLANG_ENABLE_OBJC_ARC = YES;
				CLANG_ENABLE_OBJC_WEAK = YES;
				CLANG_WARN_BLOCK_CAPTURE_AUTORELEASING = YES;
				CLANG_WARN_BOOL_CONVERSION = YES;
				CLANG_WARN_COMMA = YES;
				CLANG_WARN_CONSTANT_CONVERSION = YES;
				CLANG_WARN_DEPRECATED_OBJC_IMPLEMENTATIONS = YES;
				CLANG_WARN_DIRECT_OBJC_ISA_USAGE = YES_ERROR;
				CLANG_WARN_DOCUMENTATION_COMMENTS = YES;
				CLANG_WARN_EMPTY_BODY = YES;
				CLANG_WARN_ENUM_CONVERSION = YES;
				CLANG_WARN_INFINITE_RECURSION = YES;
				CLANG_WARN_INT_CONVERSION = YES;
				CLANG_WARN_NON_LITERAL_NULL_CONVERSION = YES;
				CLANG_WARN_OBJC_IMPLICIT_RETAIN_SELF = YES;
				CLANG_WARN_OBJC_LITERAL_CONVERSION = YES;
				CLANG_WARN_OBJC_ROOT_CLASS = YES_ERROR;
				CLANG_WARN_QUOTED_INCLUDE_IN_FRAMEWORK_HEADER = YES;
				CLANG_WARN_RANGE_LOOP_ANALYSIS = YES;
				CLANG_WARN_STRICT_PROTOTYPES = YES;
				CLANG_WARN_SUSPICIOUS_MOVE = YES;
				CLANG_WARN_UNGUARDED_AVAILABILITY = YES_AGGRESSIVE;
				CLANG_WARN_UNREACHABLE_CODE = YES;
				CLANG_WARN__DUPLICATE_METHOD_MATCH = YES;
				COPY_PHASE_STRIP = NO;
				DEBUG_INFORMATION_FORMAT = dwarf;
				ENABLE_STRICT_OBJC_MSGSEND = YES;
				ENABLE_TESTABILITY = YES;
				GCC_C_LANGUAGE_STANDARD = gnu11;
				GCC_DYNAMIC_NO_PIC = NO;
				GCC_NO_COMMON_BLOCKS = YES;
				GCC_OPTIMIZATION_LEVEL = 0;
				GCC_PREPROCESSOR_DEFINITIONS = (
					"DEBUG=1",
					"$(inherited)",
				);
				GCC_WARN_64_TO_32_BIT_CONVERSION = YES;
				GCC_WARN_ABOUT_RETURN_TYPE = YES_ERROR;
				GCC_WARN_UNDECLARED_SELECTOR = YES;
				GCC_WARN_UNINITIALIZED_AUTOS = YES_AGGRESSIVE;
				GCC_WARN_UNUSED_FUNCTION = YES;
				GCC_WARN_UNUSED_VARIABLE = YES;
				IPHONEOS_DEPLOYMENT_TARGET = 16.2;
				MTL_ENABLE_DEBUG_INFO = INCLUDE_SOURCE;
				MTL_FAST_MATH = YES;
				ONLY_ACTIVE_ARCH = YES;
				SDKROOT = iphoneos;
				SWIFT_ACTIVE_COMPILATION_CONDITIONS = DEBUG;
				SWIFT_OPTIMIZATION_LEVEL = "-Onone";
			};
			name = Debug;
		};
		EE64F3192974ACF5006BB21D /* Release */ = {
			isa = XCBuildConfiguration;
			buildSettings = {
				ALWAYS_SEARCH_USER_PATHS = NO;
				CLANG_ANALYZER_NONNULL = YES;
				CLANG_ANALYZER_NUMBER_OBJECT_CONVERSION = YES_AGGRESSIVE;
				CLANG_CXX_LANGUAGE_STANDARD = "gnu++20";
				CLANG_ENABLE_MODULES = YES;
				CLANG_ENABLE_OBJC_ARC = YES;
				CLANG_ENABLE_OBJC_WEAK = YES;
				CLANG_WARN_BLOCK_CAPTURE_AUTORELEASING = YES;
				CLANG_WARN_BOOL_CONVERSION = YES;
				CLANG_WARN_COMMA = YES;
				CLANG_WARN_CONSTANT_CONVERSION = YES;
				CLANG_WARN_DEPRECATED_OBJC_IMPLEMENTATIONS = YES;
				CLANG_WARN_DIRECT_OBJC_ISA_USAGE = YES_ERROR;
				CLANG_WARN_DOCUMENTATION_COMMENTS = YES;
				CLANG_WARN_EMPTY_BODY = YES;
				CLANG_WARN_ENUM_CONVERSION = YES;
				CLANG_WARN_INFINITE_RECURSION = YES;
				CLANG_WARN_INT_CONVERSION = YES;
				CLANG_WARN_NON_LITERAL_NULL_CONVERSION = YES;
				CLANG_WARN_OBJC_IMPLICIT_RETAIN_SELF = YES;
				CLANG_WARN_OBJC_LITERAL_CONVERSION = YES;
				CLANG_WARN_OBJC_ROOT_CLASS = YES_ERROR;
				CLANG_WARN_QUOTED_INCLUDE_IN_FRAMEWORK_HEADER = YES;
				CLANG_WARN_RANGE_LOOP_ANALYSIS = YES;
				CLANG_WARN_STRICT_PROTOTYPES = YES;
				CLANG_WARN_SUSPICIOUS_MOVE = YES;
				CLANG_WARN_UNGUARDED_AVAILABILITY = YES_AGGRESSIVE;
				CLANG_WARN_UNREACHABLE_CODE = YES;
				CLANG_WARN__DUPLICATE_METHOD_MATCH = YES;
				COPY_PHASE_STRIP = NO;
				DEBUG_INFORMATION_FORMAT = "dwarf-with-dsym";
				ENABLE_NS_ASSERTIONS = NO;
				ENABLE_STRICT_OBJC_MSGSEND = YES;
				GCC_C_LANGUAGE_STANDARD = gnu11;
				GCC_NO_COMMON_BLOCKS = YES;
				GCC_WARN_64_TO_32_BIT_CONVERSION = YES;
				GCC_WARN_ABOUT_RETURN_TYPE = YES_ERROR;
				GCC_WARN_UNDECLARED_SELECTOR = YES;
				GCC_WARN_UNINITIALIZED_AUTOS = YES_AGGRESSIVE;
				GCC_WARN_UNUSED_FUNCTION = YES;
				GCC_WARN_UNUSED_VARIABLE = YES;
				IPHONEOS_DEPLOYMENT_TARGET = 16.2;
				MTL_ENABLE_DEBUG_INFO = NO;
				MTL_FAST_MATH = YES;
				SDKROOT = iphoneos;
				SWIFT_COMPILATION_MODE = wholemodule;
				SWIFT_OPTIMIZATION_LEVEL = "-O";
				VALIDATE_PRODUCT = YES;
			};
			name = Release;
		};
		EE64F31B2974ACF5006BB21D /* Debug */ = {
			isa = XCBuildConfiguration;
			buildSettings = {
				ASSETCATALOG_COMPILER_APPICON_NAME = AppIcon;
				ASSETCATALOG_COMPILER_GLOBAL_ACCENT_COLOR_NAME = AccentColor;
				CODE_SIGN_STYLE = Automatic;
				CURRENT_PROJECT_VERSION = 1;
				DEVELOPMENT_ASSET_PATHS = "\"Stocker/Preview Content\"";
				DEVELOPMENT_TEAM = J737B85W5Z;
				ENABLE_PREVIEWS = YES;
				GENERATE_INFOPLIST_FILE = YES;
				INFOPLIST_KEY_UIApplicationSceneManifest_Generation = YES;
				INFOPLIST_KEY_UIApplicationSupportsIndirectInputEvents = YES;
				INFOPLIST_KEY_UILaunchScreen_Generation = YES;
				INFOPLIST_KEY_UISupportedInterfaceOrientations_iPad = "UIInterfaceOrientationPortrait UIInterfaceOrientationPortraitUpsideDown UIInterfaceOrientationLandscapeLeft UIInterfaceOrientationLandscapeRight";
				INFOPLIST_KEY_UISupportedInterfaceOrientations_iPhone = "UIInterfaceOrientationPortrait UIInterfaceOrientationLandscapeLeft UIInterfaceOrientationLandscapeRight";
				LD_RUNPATH_SEARCH_PATHS = (
					"$(inherited)",
					"@executable_path/Frameworks",
				);
				MARKETING_VERSION = 1.0;
				OTHER_LDFLAGS = (
					"-Xlinker",
					"-interposable",
				);
				PRODUCT_BUNDLE_IDENTIFIER = com.just1guy.Stocker;
				PRODUCT_NAME = "$(TARGET_NAME)";
				SWIFT_EMIT_LOC_STRINGS = YES;
				SWIFT_VERSION = 5.0;
				TARGETED_DEVICE_FAMILY = "1,2";
			};
			name = Debug;
		};
		EE64F31C2974ACF5006BB21D /* Release */ = {
			isa = XCBuildConfiguration;
			buildSettings = {
				ASSETCATALOG_COMPILER_APPICON_NAME = AppIcon;
				ASSETCATALOG_COMPILER_GLOBAL_ACCENT_COLOR_NAME = AccentColor;
				CODE_SIGN_STYLE = Automatic;
				CURRENT_PROJECT_VERSION = 1;
				DEVELOPMENT_ASSET_PATHS = "\"Stocker/Preview Content\"";
				DEVELOPMENT_TEAM = J737B85W5Z;
				ENABLE_PREVIEWS = YES;
				GENERATE_INFOPLIST_FILE = YES;
				INFOPLIST_KEY_UIApplicationSceneManifest_Generation = YES;
				INFOPLIST_KEY_UIApplicationSupportsIndirectInputEvents = YES;
				INFOPLIST_KEY_UILaunchScreen_Generation = YES;
				INFOPLIST_KEY_UISupportedInterfaceOrientations_iPad = "UIInterfaceOrientationPortrait UIInterfaceOrientationPortraitUpsideDown UIInterfaceOrientationLandscapeLeft UIInterfaceOrientationLandscapeRight";
				INFOPLIST_KEY_UISupportedInterfaceOrientations_iPhone = "UIInterfaceOrientationPortrait UIInterfaceOrientationLandscapeLeft UIInterfaceOrientationLandscapeRight";
				LD_RUNPATH_SEARCH_PATHS = (
					"$(inherited)",
					"@executable_path/Frameworks",
				);
				MARKETING_VERSION = 1.0;
				PRODUCT_BUNDLE_IDENTIFIER = com.just1guy.Stocker;
				PRODUCT_NAME = "$(TARGET_NAME)";
				SWIFT_EMIT_LOC_STRINGS = YES;
				SWIFT_VERSION = 5.0;
				TARGETED_DEVICE_FAMILY = "1,2";
			};
			name = Release;
		};
		EE64F31E2974ACF5006BB21D /* Debug */ = {
			isa = XCBuildConfiguration;
			buildSettings = {
				ALWAYS_EMBED_SWIFT_STANDARD_LIBRARIES = YES;
				BUNDLE_LOADER = "$(TEST_HOST)";
				CODE_SIGN_STYLE = Automatic;
				CURRENT_PROJECT_VERSION = 1;
				DEVELOPMENT_TEAM = J737B85W5Z;
				GENERATE_INFOPLIST_FILE = YES;
				IPHONEOS_DEPLOYMENT_TARGET = 16.2;
				MARKETING_VERSION = 1.0;
				PRODUCT_BUNDLE_IDENTIFIER = com.just1guy.StockerTests;
				PRODUCT_NAME = "$(TARGET_NAME)";
				SWIFT_EMIT_LOC_STRINGS = NO;
				SWIFT_VERSION = 5.0;
				TARGETED_DEVICE_FAMILY = "1,2";
				TEST_HOST = "$(BUILT_PRODUCTS_DIR)/Stocker.app/$(BUNDLE_EXECUTABLE_FOLDER_PATH)/Stocker";
			};
			name = Debug;
		};
		EE64F31F2974ACF5006BB21D /* Release */ = {
			isa = XCBuildConfiguration;
			buildSettings = {
				ALWAYS_EMBED_SWIFT_STANDARD_LIBRARIES = YES;
				BUNDLE_LOADER = "$(TEST_HOST)";
				CODE_SIGN_STYLE = Automatic;
				CURRENT_PROJECT_VERSION = 1;
				DEVELOPMENT_TEAM = J737B85W5Z;
				GENERATE_INFOPLIST_FILE = YES;
				IPHONEOS_DEPLOYMENT_TARGET = 16.2;
				MARKETING_VERSION = 1.0;
				PRODUCT_BUNDLE_IDENTIFIER = com.just1guy.StockerTests;
				PRODUCT_NAME = "$(TARGET_NAME)";
				SWIFT_EMIT_LOC_STRINGS = NO;
				SWIFT_VERSION = 5.0;
				TARGETED_DEVICE_FAMILY = "1,2";
				TEST_HOST = "$(BUILT_PRODUCTS_DIR)/Stocker.app/$(BUNDLE_EXECUTABLE_FOLDER_PATH)/Stocker";
			};
			name = Release;
		};
		EE64F3212974ACF5006BB21D /* Debug */ = {
			isa = XCBuildConfiguration;
			buildSettings = {
				ALWAYS_EMBED_SWIFT_STANDARD_LIBRARIES = YES;
				CODE_SIGN_STYLE = Automatic;
				CURRENT_PROJECT_VERSION = 1;
				DEVELOPMENT_TEAM = J737B85W5Z;
				GENERATE_INFOPLIST_FILE = YES;
				MARKETING_VERSION = 1.0;
				PRODUCT_BUNDLE_IDENTIFIER = com.just1guy.StockerUITests;
				PRODUCT_NAME = "$(TARGET_NAME)";
				SWIFT_EMIT_LOC_STRINGS = NO;
				SWIFT_VERSION = 5.0;
				TARGETED_DEVICE_FAMILY = "1,2";
				TEST_TARGET_NAME = Stocker;
			};
			name = Debug;
		};
		EE64F3222974ACF5006BB21D /* Release */ = {
			isa = XCBuildConfiguration;
			buildSettings = {
				ALWAYS_EMBED_SWIFT_STANDARD_LIBRARIES = YES;
				CODE_SIGN_STYLE = Automatic;
				CURRENT_PROJECT_VERSION = 1;
				DEVELOPMENT_TEAM = J737B85W5Z;
				GENERATE_INFOPLIST_FILE = YES;
				MARKETING_VERSION = 1.0;
				PRODUCT_BUNDLE_IDENTIFIER = com.just1guy.StockerUITests;
				PRODUCT_NAME = "$(TARGET_NAME)";
				SWIFT_EMIT_LOC_STRINGS = NO;
				SWIFT_VERSION = 5.0;
				TARGETED_DEVICE_FAMILY = "1,2";
				TEST_TARGET_NAME = Stocker;
			};
			name = Release;
		};
/* End XCBuildConfiguration section */

/* Begin XCConfigurationList section */
		EE64F2F12974ACF4006BB21D /* Build configuration list for PBXProject "Stocker" */ = {
			isa = XCConfigurationList;
			buildConfigurations = (
				EE64F3182974ACF5006BB21D /* Debug */,
				EE64F3192974ACF5006BB21D /* Release */,
			);
			defaultConfigurationIsVisible = 0;
			defaultConfigurationName = Release;
		};
		EE64F31A2974ACF5006BB21D /* Build configuration list for PBXNativeTarget "Stocker" */ = {
			isa = XCConfigurationList;
			buildConfigurations = (
				EE64F31B2974ACF5006BB21D /* Debug */,
				EE64F31C2974ACF5006BB21D /* Release */,
			);
			defaultConfigurationIsVisible = 0;
			defaultConfigurationName = Release;
		};
		EE64F31D2974ACF5006BB21D /* Build configuration list for PBXNativeTarget "StockerTests" */ = {
			isa = XCConfigurationList;
			buildConfigurations = (
				EE64F31E2974ACF5006BB21D /* Debug */,
				EE64F31F2974ACF5006BB21D /* Release */,
			);
			defaultConfigurationIsVisible = 0;
			defaultConfigurationName = Release;
		};
		EE64F3202974ACF5006BB21D /* Build configuration list for PBXNativeTarget "StockerUITests" */ = {
			isa = XCConfigurationList;
			buildConfigurations = (
				EE64F3212974ACF5006BB21D /* Debug */,
				EE64F3222974ACF5006BB21D /* Release */,
			);
			defaultConfigurationIsVisible = 0;
			defaultConfigurationName = Release;
		};
/* End XCConfigurationList section */

/* Begin XCRemoteSwiftPackageReference section */
		EE148C23297A134A00731D0E /* XCRemoteSwiftPackageReference "HotSwiftUI" */ = {
			isa = XCRemoteSwiftPackageReference;
			repositoryURL = "https://github.com/johnno1962/HotSwiftUI";
			requirement = {
				kind = upToNextMajorVersion;
				minimumVersion = 1.0.0;
			};
		};
/* End XCRemoteSwiftPackageReference section */

/* Begin XCSwiftPackageProductDependency section */
		EE148C24297A134A00731D0E /* HotSwiftUI */ = {
			isa = XCSwiftPackageProductDependency;
			package = EE148C23297A134A00731D0E /* XCRemoteSwiftPackageReference "HotSwiftUI" */;
			productName = HotSwiftUI;
		};
/* End XCSwiftPackageProductDependency section */
	};
	rootObject = EE64F2EE2974ACF4006BB21D /* Project object */;
}
